github.com/davecgh/go-spew v1.1.1/go.mod h1:J7Y8YcW2NihsgmVo/mv3lAwl/skON4iLHjSsI+c5H38=
github.com/golang/protobuf v1.2.0 h1:P3YflyNX/ehuJFLhxviNdFxQPkGK5cDcApsge1SqnvM=
github.com/golang/protobuf v1.2.0/go.mod h1:6lQm79b+lXiMfvg/cZm0SGofjICqVBUtrP5yJMmIC1U=
github.com/konsorten/go-windows-terminal-sequences v1.0.1/go.mod h1:T0+1ngSBFLxvqU3pZ+m/2kptfBszLMUkC4ZK/EgS/cQ=
github.com/pingcap/errors v0.11.0 h1:DCJQB8jrHbQ1VVlMFIrbj2ApScNNotVmkSNplu2yUt4=
github.com/pingcap/errors v0.11.0/go.mod h1:Oi8TUi2kEtXXLMJk9l1cGmz20kV3TaQ0usTwv5KuLY8=
github.com/pingcap/parser v0.0.0-20190222082040-fe59ebfc9e10 h1:d1B868IJnYxcLn9yCv0GMJ+JnxDX/7j6QonVOA7voRA=
github.com/pingcap/parser v0.0.0-20190222082040-fe59ebfc9e10/go.mod h1:1FNvfp9+J0wvc4kl8eGNh7Rqrxveg15jJoWo/a0uHwA=
github.com/pingcap/tidb v2.0.11+incompatible h1:Shz+ry1DzQNsPk1QAejnM+5tgjbwZuzPnIER5aCjQ6c=
github.com/pingcap/tidb v2.0.11+incompatible/go.mod h1:I8C6jrPINP2rrVunTRd7C9fRRhQrtR43S1/CL5ix/yQ=
github.com/pingcap/tipb v0.0.0-20190221054254-aa146c1ab9bb h1:18QAp9TOCjAGyYVGtET68V5a1TPQ2Va9YEf1/zhFU/A=
github.com/pingcap/tipb v0.0.0-20190221054254-aa146c1ab9bb/go.mod h1:RtkHW8WbcNxj8lsbzjaILci01CtYnYbIkQhjyZWrWVI=
github.com/pkg/errors v0.8.1 h1:iURUrRGxPUNPdy5/HRSm+Yj6okJ6UtLINN0Q9M4+h3I=
github.com/pkg/errors v0.8.1/go.mod h1:bwawxfHBFNV+L2hUp1rHADufV3IMtnDRdf1r5NINEl0=
github.com/pmezard/go-difflib v1.0.0/go.mod h1:iKH77koFhYxTK1pcRnkKkqfTogsbg7gZNVY4sRDYZ/4=
github.com/sirupsen/logrus v1.3.0 h1:hI/7Q+DtNZ2kINb6qt/lS+IyXnHQe9e90POfeewL/ME=
github.com/sirupsen/logrus v1.3.0/go.mod h1:LxeOpSwHxABJmUn/MG1IvRgCAasNZTLOkJPxbbu5VWo=
github.com/stretchr/objx v0.1.1/go.mod h1:HFkY916IF+rwdDfMAkV7OtwuqBVzrE8GR6GFx+wExME=
github.com/stretchr/testify v1.2.2/go.mod h1:a8OnRcib4nhh0OaRAV+Yts87kKdq0PP7pXfy6kDkUVs=
github.com/tinygo-org/tinygo v0.0.0-20190201122632-930de54dc569 h1:jq83IC5zNoqbnt78H9wTqZDmrQJMf3fb4UUV5rNtrnU=
github.com/tinygo-org/tinygo v0.0.0-20190201122632-930de54dc569/go.mod h1:99MkMVIujB+GhZTg80Qdtyod7338rJcMGhevtlSfl0I=
golang.org/x/crypto v0.0.0-20180904163835-0709b304e793 h1:u+LnwYTOOW7Ukr/fppxEb1Nwz0AtPflrblfvUudpo+I=
golang.org/x/crypto v0.0.0-20180904163835-0709b304e793/go.mod h1:6SG95UA2DQfeDnfUPMdvaQW0Q7yPrPDi9nlGo2tz2b4=
golang.org/x/sys v0.0.0-20180905080454-ebe1bf3edb33 h1:I6FyU15t786LL7oL/hn43zqTuEGr4PN7F4XJ1p4E3Y8=
golang.org/x/sys v0.0.0-20180905080454-ebe1bf3edb33/go.mod h1:STP8DvDyc/dI5b8T5hshtkjS+E42TnysNCUPdjciGhY=
golang.org/x/text v0.3.0 h1:g61tztE5qeGQ89tm6NTjjM9VPIm088od1l6aSorWRWg=
golang.org/x/text v0.3.0/go.mod h1:NqM8EUOU14njkJ3fqMW+pc6Ldnwhi/IjpwHt7yyuwOQ=
golang.org/x/tools v0.0.0-20190202235157-7414d4c1f71c h1:6Axm8Kqba7gHaI7My7snFynbKaVEYko0z35GPOJygUA=
golang.org/x/tools v0.0.0-20190202235157-7414d4c1f71c/go.mod h1:n7NCudcB/nEzxVGmLbDWY5pfWTLqBcC2KZ6jyYvM4mQ=
tinygo.org/x/go-llvm v0.0.0-20190122141454-f420620d1a0f h1:+HBhw4UiV9LnR9lYn6Pd8KnXG5CTvxfI7DmrUPQmWYw=
tinygo.org/x/go-llvm v0.0.0-20190122141454-f420620d1a0f/go.mod h1:fv1F0BSNpxMfCL0zF3M4OPFbgYHnhtB6ST0HvUtu/LE=
